
Microsoft Visual Studio Solution File, Format Version 12.00
# Visual Studio Version 17
VisualStudioVersion = 17.5.33424.131
MinimumVisualStudioVersion = 10.0.40219.1
Project("{FAE04EC0-301F-11D3-BF4B-00C04F79EFBC}") = "Domain", "Domain\Domain.csproj", "{15A41416-2688-4E4E-8B1C-7F98B560C855}"
EndProject
Project("{2150E333-8FDC-42A3-9474-1A3956D46DE8}") = "Core", "Core", "{D8445367-6843-4FF8-A54E-464298CE8B31}"
EndProject
Project("{FAE04EC0-301F-11D3-BF4B-00C04F79EFBC}") = "Application", "Application\Application.csproj", "{C72A2FF0-F80A-4295-9A11-D934B8E86141}"
EndProject
Project("{2150E333-8FDC-42A3-9474-1A3956D46DE8}") = "Infra", "Infra", "{1FA4896D-1736-4CBC-9FFA-A6D589EF270D}"
EndProject
Project("{FAE04EC0-301F-11D3-BF4B-00C04F79EFBC}") = "Infrastructure", "Infrastructure\Infrastructure.csproj", "{B7750A94-8363-4E3F-B3E9-9E4E5BCFF825}"
EndProject
Project("{2150E333-8FDC-42A3-9474-1A3956D46DE8}") = "Host", "Host", "{95ED657C-5174-46D2-B449-C4D9E2366BE7}"
EndProject
Project("{FAE04EC0-301F-11D3-BF4B-00C04F79EFBC}") = "WebAPI", "WebAPI\WebAPI.csproj", "{DBDBAB56-D270-48EB-A63B-595ACAA4A425}"
EndProject
Global
	GlobalSection(SolutionConfigurationPlatforms) = preSolution
		Debug|Any CPU = Debug|Any CPU
		Release|Any CPU = Release|Any CPU
	EndGlobalSection
	GlobalSection(ProjectConfigurationPlatforms) = postSolution
		{15A41416-2688-4E4E-8B1C-7F98B560C855}.Debug|Any CPU.ActiveCfg = Debug|Any CPU
		{15A41416-2688-4E4E-8B1C-7F98B560C855}.Debug|Any CPU.Build.0 = Debug|Any CPU
		{15A41416-2688-4E4E-8B1C-7F98B560C855}.Release|Any CPU.ActiveCfg = Release|Any CPU
		{15A41416-2688-4E4E-8B1C-7F98B560C855}.Release|Any CPU.Build.0 = Release|Any CPU
		{C72A2FF0-F80A-4295-9A11-D934B8E86141}.Debug|Any CPU.ActiveCfg = Debug|Any CPU
		{C72A2FF0-F80A-4295-9A11-D934B8E86141}.Debug|Any CPU.Build.0 = Debug|Any CPU
		{C72A2FF0-F80A-4295-9A11-D934B8E86141}.Release|Any CPU.ActiveCfg = Release|Any CPU
		{C72A2FF0-F80A-4295-9A11-D934B8E86141}.Release|Any CPU.Build.0 = Release|Any CPU
		{B7750A94-8363-4E3F-B3E9-9E4E5BCFF825}.Debug|Any CPU.ActiveCfg = Debug|Any CPU
		{B7750A94-8363-4E3F-B3E9-9E4E5BCFF825}.Debug|Any CPU.Build.0 = Debug|Any CPU
		{B7750A94-8363-4E3F-B3E9-9E4E5BCFF825}.Release|Any CPU.ActiveCfg = Release|Any CPU
		{B7750A94-8363-4E3F-B3E9-9E4E5BCFF825}.Release|Any CPU.Build.0 = Release|Any CPU
		{DBDBAB56-D270-48EB-A63B-595ACAA4A425}.Debug|Any CPU.ActiveCfg = Debug|Any CPU
		{DBDBAB56-D270-48EB-A63B-595ACAA4A425}.Debug|Any CPU.Build.0 = Debug|Any CPU
		{DBDBAB56-D270-48EB-A63B-595ACAA4A425}.Release|Any CPU.ActiveCfg = Release|Any CPU
		{DBDBAB56-D270-48EB-A63B-595ACAA4A425}.Release|Any CPU.Build.0 = Release|Any CPU
	EndGlobalSection
	GlobalSection(SolutionProperties) = preSolution
		HideSolutionNode = FALSE
	EndGlobalSection
	GlobalSection(NestedProjects) = preSolution
		{15A41416-2688-4E4E-8B1C-7F98B560C855} = {D8445367-6843-4FF8-A54E-464298CE8B31}
		{C72A2FF0-F80A-4295-9A11-D934B8E86141} = {D8445367-6843-4FF8-A54E-464298CE8B31}
		{B7750A94-8363-4E3F-B3E9-9E4E5BCFF825} = {1FA4896D-1736-4CBC-9FFA-A6D589EF270D}
		{DBDBAB56-D270-48EB-A63B-595ACAA4A425} = {95ED657C-5174-46D2-B449-C4D9E2366BE7}
	EndGlobalSection
	GlobalSection(ExtensibilityGlobals) = postSolution
		SolutionGuid = {516DADF4-C5A5-436C-A174-4B8854873B0D}
	EndGlobalSection
EndGlobal
